// !$*UTF8*$!
{
	archiveVersion = 1;
	classes = {
	};
	objectVersion = 46;
	objects = {

/* Begin PBXBuildFile section */
		4794596683293C54391146DD /* libPods.a in Frameworks */ = {isa = PBXBuildFile; fileRef = 825A9D2553A61089D9F79D4A /* libPods.a */; };
		B401858F1B6663D60003FBC6 /* SSDPlistManager.swift in Sources */ = {isa = PBXBuildFile; fileRef = B401858E1B6663D60003FBC6 /* SSDPlistManager.swift */; };
		B43F71411B64EBA500DD54B7 /* ToastManager.m in Sources */ = {isa = PBXBuildFile; fileRef = B43F71401B64EBA500DD54B7 /* ToastManager.m */; };
		B459D82F1ABDB4B100CE6652 /* SelectModeViewController.swift in Sources */ = {isa = PBXBuildFile; fileRef = B459D82E1ABDB4B100CE6652 /* SelectModeViewController.swift */; };
		B45BC3D71AAF3689007C8436 /* AppDelegate.swift in Sources */ = {isa = PBXBuildFile; fileRef = B45BC3D61AAF3689007C8436 /* AppDelegate.swift */; };
		B45BC3DE1AAF3689007C8436 /* Main.storyboard in Resources */ = {isa = PBXBuildFile; fileRef = B45BC3DC1AAF3689007C8436 /* Main.storyboard */; };
		B45BC3E01AAF3689007C8436 /* Images.xcassets in Resources */ = {isa = PBXBuildFile; fileRef = B45BC3DF1AAF3689007C8436 /* Images.xcassets */; };
		B45BC3E31AAF3689007C8436 /* LaunchScreen.xib in Resources */ = {isa = PBXBuildFile; fileRef = B45BC3E11AAF3689007C8436 /* LaunchScreen.xib */; };
		B45BC3EF1AAF3689007C8436 /* SSDExerciseTests.swift in Sources */ = {isa = PBXBuildFile; fileRef = B45BC3EE1AAF3689007C8436 /* SSDExerciseTests.swift */; };
		B45BC4011AAF4156007C8436 /* SelectBookCollectionViewController.swift in Sources */ = {isa = PBXBuildFile; fileRef = B45BC4001AAF4156007C8436 /* SelectBookCollectionViewController.swift */; };
		B48177BF1AF86BDC0083575B /* Utilities.swift in Sources */ = {isa = PBXBuildFile; fileRef = B48177BE1AF86BDC0083575B /* Utilities.swift */; };
		B4BBC4D01AB2F0E70029865D /* ku_ssd1.plist in Resources */ = {isa = PBXBuildFile; fileRef = B4BBC4C71AB2F0E70029865D /* ku_ssd1.plist */; };
		B4BBC4D11AB2F0E70029865D /* ku_ssd2.plist in Resources */ = {isa = PBXBuildFile; fileRef = B4BBC4C81AB2F0E70029865D /* ku_ssd2.plist */; };
		B4BBC4D21AB2F0E70029865D /* ku_ssd3.plist in Resources */ = {isa = PBXBuildFile; fileRef = B4BBC4C91AB2F0E70029865D /* ku_ssd3.plist */; };
		B4BBC4D31AB2F0E70029865D /* ku_ssd4.plist in Resources */ = {isa = PBXBuildFile; fileRef = B4BBC4CA1AB2F0E70029865D /* ku_ssd4.plist */; };
		B4BBC4D41AB2F0E70029865D /* ku_ssd5.plist in Resources */ = {isa = PBXBuildFile; fileRef = B4BBC4CB1AB2F0E70029865D /* ku_ssd5.plist */; };
		B4BBC4D51AB2F0E70029865D /* ku_ssd6.plist in Resources */ = {isa = PBXBuildFile; fileRef = B4BBC4CC1AB2F0E70029865D /* ku_ssd6.plist */; };
		B4BBC4D61AB2F0E70029865D /* ku_ssd7.plist in Resources */ = {isa = PBXBuildFile; fileRef = B4BBC4CD1AB2F0E70029865D /* ku_ssd7.plist */; };
		B4BBC4D71AB2F0E70029865D /* ku_ssd8.plist in Resources */ = {isa = PBXBuildFile; fileRef = B4BBC4CE1AB2F0E70029865D /* ku_ssd8.plist */; };
		B4BBC4D81AB2F0E70029865D /* ku_ssd9.plist in Resources */ = {isa = PBXBuildFile; fileRef = B4BBC4CF1AB2F0E70029865D /* ku_ssd9.plist */; };
		B4BBC4DA1AB2F12C0029865D /* TakeExercise.storyboard in Resources */ = {isa = PBXBuildFile; fileRef = B4BBC4D91AB2F12C0029865D /* TakeExercise.storyboard */; };
		B4BC7C391AB3090F00E1F23D /* BookName.plist in Resources */ = {isa = PBXBuildFile; fileRef = B4BC7C381AB3090F00E1F23D /* BookName.plist */; };
		B4E70E181ABE3E640064A625 /* DataViewController.swift in Sources */ = {isa = PBXBuildFile; fileRef = B4E70E171ABE3E640064A625 /* DataViewController.swift */; };
		B4EEA11F1B5B92E600CD4163 /* RootViewController.swift in Sources */ = {isa = PBXBuildFile; fileRef = B4EEA11E1B5B92E600CD4163 /* RootViewController.swift */; };
		B4EEA1211B5B92FC00CD4163 /* ModelController.swift in Sources */ = {isa = PBXBuildFile; fileRef = B4EEA1201B5B92FC00CD4163 /* ModelController.swift */; };
		B4FD1F3B1ABD732200BD320B /* SettingsViewController.swift in Sources */ = {isa = PBXBuildFile; fileRef = B4FD1F3A1ABD732200BD320B /* SettingsViewController.swift */; };
/* End PBXBuildFile section */

/* Begin PBXContainerItemProxy section */
		B45BC3E91AAF3689007C8436 /* PBXContainerItemProxy */ = {
			isa = PBXContainerItemProxy;
			containerPortal = B45BC3C91AAF3689007C8436 /* Project object */;
			proxyType = 1;
			remoteGlobalIDString = B45BC3D01AAF3689007C8436;
			remoteInfo = SSDExercise;
		};
/* End PBXContainerItemProxy section */

/* Begin PBXFileReference section */
		1BBFE90B98153D344D2C4B29 /* Pods.release.xcconfig */ = {isa = PBXFileReference; includeInIndex = 1; lastKnownFileType = text.xcconfig; name = Pods.release.xcconfig; path = "Pods/Target Support Files/Pods/Pods.release.xcconfig"; sourceTree = "<group>"; };
		825A9D2553A61089D9F79D4A /* libPods.a */ = {isa = PBXFileReference; explicitFileType = archive.ar; includeInIndex = 0; path = libPods.a; sourceTree = BUILT_PRODUCTS_DIR; };
		B401858E1B6663D60003FBC6 /* SSDPlistManager.swift */ = {isa = PBXFileReference; fileEncoding = 4; lastKnownFileType = sourcecode.swift; name = SSDPlistManager.swift; path = Model/SSDPlistManager.swift; sourceTree = "<group>"; };
		B43F713F1B64EBA500DD54B7 /* ToastManager.h */ = {isa = PBXFileReference; fileEncoding = 4; lastKnownFileType = sourcecode.c.h; name = ToastManager.h; path = Model/ToastManager.h; sourceTree = "<group>"; };
		B43F71401B64EBA500DD54B7 /* ToastManager.m */ = {isa = PBXFileReference; fileEncoding = 4; lastKnownFileType = sourcecode.c.objc; name = ToastManager.m; path = Model/ToastManager.m; sourceTree = "<group>"; };
		B4488DB41ABD0F3500417191 /* SSDExercise-Bridging-Header.h */ = {isa = PBXFileReference; fileEncoding = 4; lastKnownFileType = sourcecode.c.h; path = "SSDExercise-Bridging-Header.h"; sourceTree = "<group>"; };
		B459D82E1ABDB4B100CE6652 /* SelectModeViewController.swift */ = {isa = PBXFileReference; fileEncoding = 4; lastKnownFileType = sourcecode.swift; name = SelectModeViewController.swift; path = Controller/SelectModeViewController.swift; sourceTree = "<group>"; };
		B45BC3D11AAF3689007C8436 /* SSDExercise.app */ = {isa = PBXFileReference; explicitFileType = wrapper.application; includeInIndex = 0; path = SSDExercise.app; sourceTree = BUILT_PRODUCTS_DIR; };
		B45BC3D51AAF3689007C8436 /* Info.plist */ = {isa = PBXFileReference; lastKnownFileType = text.plist.xml; path = Info.plist; sourceTree = "<group>"; };
		B45BC3D61AAF3689007C8436 /* AppDelegate.swift */ = {isa = PBXFileReference; lastKnownFileType = sourcecode.swift; path = AppDelegate.swift; sourceTree = "<group>"; };
		B45BC3DD1AAF3689007C8436 /* Base */ = {isa = PBXFileReference; lastKnownFileType = file.storyboard; name = Base; path = Base.lproj/Main.storyboard; sourceTree = "<group>"; };
		B45BC3DF1AAF3689007C8436 /* Images.xcassets */ = {isa = PBXFileReference; lastKnownFileType = folder.assetcatalog; path = Images.xcassets; sourceTree = "<group>"; };
		B45BC3E21AAF3689007C8436 /* Base */ = {isa = PBXFileReference; lastKnownFileType = file.xib; name = Base; path = Base.lproj/LaunchScreen.xib; sourceTree = "<group>"; };
		B45BC3E81AAF3689007C8436 /* SSDExerciseTests.xctest */ = {isa = PBXFileReference; explicitFileType = wrapper.cfbundle; includeInIndex = 0; path = SSDExerciseTests.xctest; sourceTree = BUILT_PRODUCTS_DIR; };
		B45BC3ED1AAF3689007C8436 /* Info.plist */ = {isa = PBXFileReference; lastKnownFileType = text.plist.xml; path = Info.plist; sourceTree = "<group>"; };
		B45BC3EE1AAF3689007C8436 /* SSDExerciseTests.swift */ = {isa = PBXFileReference; lastKnownFileType = sourcecode.swift; path = SSDExerciseTests.swift; sourceTree = "<group>"; };
		B45BC4001AAF4156007C8436 /* SelectBookCollectionViewController.swift */ = {isa = PBXFileReference; fileEncoding = 4; lastKnownFileType = sourcecode.swift; path = SelectBookCollectionViewController.swift; sourceTree = "<group>"; };
		B48177BE1AF86BDC0083575B /* Utilities.swift */ = {isa = PBXFileReference; fileEncoding = 4; lastKnownFileType = sourcecode.swift; path = Utilities.swift; sourceTree = "<group>"; };
		B4BBC4C71AB2F0E70029865D /* ku_ssd1.plist */ = {isa = PBXFileReference; fileEncoding = 4; lastKnownFileType = text.plist.xml; path = ku_ssd1.plist; sourceTree = "<group>"; };
		B4BBC4C81AB2F0E70029865D /* ku_ssd2.plist */ = {isa = PBXFileReference; fileEncoding = 4; lastKnownFileType = text.plist.xml; path = ku_ssd2.plist; sourceTree = "<group>"; };
		B4BBC4C91AB2F0E70029865D /* ku_ssd3.plist */ = {isa = PBXFileReference; fileEncoding = 4; lastKnownFileType = text.plist.xml; path = ku_ssd3.plist; sourceTree = "<group>"; };
		B4BBC4CA1AB2F0E70029865D /* ku_ssd4.plist */ = {isa = PBXFileReference; fileEncoding = 4; lastKnownFileType = text.plist.xml; path = ku_ssd4.plist; sourceTree = "<group>"; };
		B4BBC4CB1AB2F0E70029865D /* ku_ssd5.plist */ = {isa = PBXFileReference; fileEncoding = 4; lastKnownFileType = text.plist.xml; path = ku_ssd5.plist; sourceTree = "<group>"; };
		B4BBC4CC1AB2F0E70029865D /* ku_ssd6.plist */ = {isa = PBXFileReference; fileEncoding = 4; lastKnownFileType = text.plist.xml; path = ku_ssd6.plist; sourceTree = "<group>"; };
		B4BBC4CD1AB2F0E70029865D /* ku_ssd7.plist */ = {isa = PBXFileReference; fileEncoding = 4; lastKnownFileType = text.plist.xml; path = ku_ssd7.plist; sourceTree = "<group>"; };
		B4BBC4CE1AB2F0E70029865D /* ku_ssd8.plist */ = {isa = PBXFileReference; fileEncoding = 4; lastKnownFileType = text.plist.xml; path = ku_ssd8.plist; sourceTree = "<group>"; };
		B4BBC4CF1AB2F0E70029865D /* ku_ssd9.plist */ = {isa = PBXFileReference; fileEncoding = 4; lastKnownFileType = text.plist.xml; path = ku_ssd9.plist; sourceTree = "<group>"; };
		B4BBC4D91AB2F12C0029865D /* TakeExercise.storyboard */ = {isa = PBXFileReference; fileEncoding = 4; lastKnownFileType = file.storyboard; path = TakeExercise.storyboard; sourceTree = "<group>"; };
		B4BC7C381AB3090F00E1F23D /* BookName.plist */ = {isa = PBXFileReference; fileEncoding = 4; lastKnownFileType = text.plist.xml; path = BookName.plist; sourceTree = "<group>"; };
		B4E70E171ABE3E640064A625 /* DataViewController.swift */ = {isa = PBXFileReference; fileEncoding = 4; lastKnownFileType = sourcecode.swift; name = DataViewController.swift; path = Controller/DataViewController.swift; sourceTree = "<group>"; };
		B4EEA11E1B5B92E600CD4163 /* RootViewController.swift */ = {isa = PBXFileReference; fileEncoding = 4; lastKnownFileType = sourcecode.swift; path = RootViewController.swift; sourceTree = "<group>"; };
		B4EEA1201B5B92FC00CD4163 /* ModelController.swift */ = {isa = PBXFileReference; fileEncoding = 4; lastKnownFileType = sourcecode.swift; path = ModelController.swift; sourceTree = "<group>"; };
		B4FD1F3A1ABD732200BD320B /* SettingsViewController.swift */ = {isa = PBXFileReference; fileEncoding = 4; lastKnownFileType = sourcecode.swift; name = SettingsViewController.swift; path = Controller/SettingsViewController.swift; sourceTree = "<group>"; };
		FD084E73BB1F079DA0D0D323 /* Pods.debug.xcconfig */ = {isa = PBXFileReference; includeInIndex = 1; lastKnownFileType = text.xcconfig; name = Pods.debug.xcconfig; path = "Pods/Target Support Files/Pods/Pods.debug.xcconfig"; sourceTree = "<group>"; };
/* End PBXFileReference section */

/* Begin PBXFrameworksBuildPhase section */
		B45BC3CE1AAF3689007C8436 /* Frameworks */ = {
			isa = PBXFrameworksBuildPhase;
			buildActionMask = 2147483647;
			files = (
				4794596683293C54391146DD /* libPods.a in Frameworks */,
			);
			runOnlyForDeploymentPostprocessing = 0;
		};
		B45BC3E51AAF3689007C8436 /* Frameworks */ = {
			isa = PBXFrameworksBuildPhase;
			buildActionMask = 2147483647;
			files = (
			);
			runOnlyForDeploymentPostprocessing = 0;
		};
/* End PBXFrameworksBuildPhase section */

/* Begin PBXGroup section */
		66971D5D46E815442D7360CD /* Pods */ = {
			isa = PBXGroup;
			children = (
				FD084E73BB1F079DA0D0D323 /* Pods.debug.xcconfig */,
				1BBFE90B98153D344D2C4B29 /* Pods.release.xcconfig */,
			);
			name = Pods;
			sourceTree = "<group>";
		};
		B4337D1C1AAF435600B3A927 /* Controller */ = {
			isa = PBXGroup;
			children = (
				B4EEA11E1B5B92E600CD4163 /* RootViewController.swift */,
				B45BC4001AAF4156007C8436 /* SelectBookCollectionViewController.swift */,
				B4FD1F3A1ABD732200BD320B /* SettingsViewController.swift */,
				B459D82E1ABDB4B100CE6652 /* SelectModeViewController.swift */,
				B4E70E171ABE3E640064A625 /* DataViewController.swift */,
			);
			name = Controller;
			sourceTree = "<group>";
		};
		B45BC3C81AAF3689007C8436 = {
			isa = PBXGroup;
			children = (
				B45BC3D31AAF3689007C8436 /* SSDExercise */,
				B45BC3EB1AAF3689007C8436 /* SSDExerciseTests */,
				B45BC3D21AAF3689007C8436 /* Products */,
				66971D5D46E815442D7360CD /* Pods */,
				EEAC289F4B8F6889D520FC45 /* Frameworks */,
			);
			sourceTree = "<group>";
		};
		B45BC3D21AAF3689007C8436 /* Products */ = {
			isa = PBXGroup;
			children = (
				B45BC3D11AAF3689007C8436 /* SSDExercise.app */,
				B45BC3E81AAF3689007C8436 /* SSDExerciseTests.xctest */,
			);
			name = Products;
			sourceTree = "<group>";
		};
		B45BC3D31AAF3689007C8436 /* SSDExercise */ = {
			isa = PBXGroup;
			children = (
				B45BC3D61AAF3689007C8436 /* AppDelegate.swift */,
				B4E70E1A1ABE515C0064A625 /* Model */,
				B4BBC4DB1AB2F1430029865D /* View */,
				B4337D1C1AAF435600B3A927 /* Controller */,
				B45BC3DF1AAF3689007C8436 /* Images.xcassets */,
				B45BC3E11AAF3689007C8436 /* LaunchScreen.xib */,
				B45BC3D41AAF3689007C8436 /* Supporting Files */,
			);
			path = SSDExercise;
			sourceTree = "<group>";
		};
		B45BC3D41AAF3689007C8436 /* Supporting Files */ = {
			isa = PBXGroup;
			children = (
				B4488DB41ABD0F3500417191 /* SSDExercise-Bridging-Header.h */,
				B45BC3D51AAF3689007C8436 /* Info.plist */,
				B48177BE1AF86BDC0083575B /* Utilities.swift */,
			);
			name = "Supporting Files";
			sourceTree = "<group>";
		};
		B45BC3EB1AAF3689007C8436 /* SSDExerciseTests */ = {
			isa = PBXGroup;
			children = (
				B45BC3EE1AAF3689007C8436 /* SSDExerciseTests.swift */,
				B45BC3EC1AAF3689007C8436 /* Supporting Files */,
			);
			path = SSDExerciseTests;
			sourceTree = "<group>";
		};
		B45BC3EC1AAF3689007C8436 /* Supporting Files */ = {
			isa = PBXGroup;
			children = (
				B45BC3ED1AAF3689007C8436 /* Info.plist */,
			);
			name = "Supporting Files";
			sourceTree = "<group>";
		};
		B4BBC4DB1AB2F1430029865D /* View */ = {
			isa = PBXGroup;
			children = (
				B45BC3DC1AAF3689007C8436 /* Main.storyboard */,
				B4BBC4D91AB2F12C0029865D /* TakeExercise.storyboard */,
			);
			name = View;
			sourceTree = "<group>";
		};
		B4BC7C371AB3086D00E1F23D /* ssd题库 */ = {
			isa = PBXGroup;
			children = (
				B4BBC4C71AB2F0E70029865D /* ku_ssd1.plist */,
				B4BBC4C81AB2F0E70029865D /* ku_ssd2.plist */,
				B4BBC4C91AB2F0E70029865D /* ku_ssd3.plist */,
				B4BBC4CA1AB2F0E70029865D /* ku_ssd4.plist */,
				B4BBC4CB1AB2F0E70029865D /* ku_ssd5.plist */,
				B4BBC4CC1AB2F0E70029865D /* ku_ssd6.plist */,
				B4BBC4CD1AB2F0E70029865D /* ku_ssd7.plist */,
				B4BBC4CE1AB2F0E70029865D /* ku_ssd8.plist */,
				B4BBC4CF1AB2F0E70029865D /* ku_ssd9.plist */,
			);
			name = "ssd题库";
			sourceTree = "<group>";
		};
		B4E70E1A1ABE515C0064A625 /* Model */ = {
			isa = PBXGroup;
			children = (
				B4BC7C371AB3086D00E1F23D /* ssd题库 */,
				B4BC7C381AB3090F00E1F23D /* BookName.plist */,
				B4EEA1201B5B92FC00CD4163 /* ModelController.swift */,
				B401858E1B6663D60003FBC6 /* SSDPlistManager.swift */,
				B43F713F1B64EBA500DD54B7 /* ToastManager.h */,
				B43F71401B64EBA500DD54B7 /* ToastManager.m */,
			);
			name = Model;
			sourceTree = "<group>";
		};
		EEAC289F4B8F6889D520FC45 /* Frameworks */ = {
			isa = PBXGroup;
			children = (
				825A9D2553A61089D9F79D4A /* libPods.a */,
			);
			name = Frameworks;
			sourceTree = "<group>";
		};
/* End PBXGroup section */

/* Begin PBXNativeTarget section */
		B45BC3D01AAF3689007C8436 /* SSDExercise */ = {
			isa = PBXNativeTarget;
			buildConfigurationList = B45BC3F21AAF3689007C8436 /* Build configuration list for PBXNativeTarget "SSDExercise" */;
			buildPhases = (
				CFBBC6CAB92CAC2A7B3BAFF0 /* Check Pods Manifest.lock */,
				B45BC3CD1AAF3689007C8436 /* Sources */,
				B45BC3CE1AAF3689007C8436 /* Frameworks */,
				B45BC3CF1AAF3689007C8436 /* Resources */,
				14DE871D5D767B006B91922F /* Copy Pods Resources */,
			);
			buildRules = (
			);
			dependencies = (
			);
			name = SSDExercise;
			productName = SSDExercise;
			productReference = B45BC3D11AAF3689007C8436 /* SSDExercise.app */;
			productType = "com.apple.product-type.application";
		};
		B45BC3E71AAF3689007C8436 /* SSDExerciseTests */ = {
			isa = PBXNativeTarget;
			buildConfigurationList = B45BC3F51AAF3689007C8436 /* Build configuration list for PBXNativeTarget "SSDExerciseTests" */;
			buildPhases = (
				B45BC3E41AAF3689007C8436 /* Sources */,
				B45BC3E51AAF3689007C8436 /* Frameworks */,
				B45BC3E61AAF3689007C8436 /* Resources */,
			);
			buildRules = (
			);
			dependencies = (
				B45BC3EA1AAF3689007C8436 /* PBXTargetDependency */,
			);
			name = SSDExerciseTests;
			productName = SSDExerciseTests;
			productReference = B45BC3E81AAF3689007C8436 /* SSDExerciseTests.xctest */;
			productType = "com.apple.product-type.bundle.unit-test";
		};
/* End PBXNativeTarget section */

/* Begin PBXProject section */
		B45BC3C91AAF3689007C8436 /* Project object */ = {
			isa = PBXProject;
			attributes = {
				LastUpgradeCheck = 0620;
				ORGANIZATIONNAME = "李 智恒";
				TargetAttributes = {
					B45BC3D01AAF3689007C8436 = {
						CreatedOnToolsVersion = 6.2;
					};
					B45BC3E71AAF3689007C8436 = {
						CreatedOnToolsVersion = 6.2;
						TestTargetID = B45BC3D01AAF3689007C8436;
					};
				};
			};
			buildConfigurationList = B45BC3CC1AAF3689007C8436 /* Build configuration list for PBXProject "SSDExercise" */;
			compatibilityVersion = "Xcode 3.2";
			developmentRegion = English;
			hasScannedForEncodings = 0;
			knownRegions = (
				en,
				Base,
			);
			mainGroup = B45BC3C81AAF3689007C8436;
			productRefGroup = B45BC3D21AAF3689007C8436 /* Products */;
			projectDirPath = "";
			projectRoot = "";
			targets = (
				B45BC3D01AAF3689007C8436 /* SSDExercise */,
				B45BC3E71AAF3689007C8436 /* SSDExerciseTests */,
			);
		};
/* End PBXProject section */

/* Begin PBXResourcesBuildPhase section */
		B45BC3CF1AAF3689007C8436 /* Resources */ = {
			isa = PBXResourcesBuildPhase;
			buildActionMask = 2147483647;
			files = (
				B45BC3DE1AAF3689007C8436 /* Main.storyboard in Resources */,
				B4BBC4D61AB2F0E70029865D /* ku_ssd7.plist in Resources */,
				B4BBC4D11AB2F0E70029865D /* ku_ssd2.plist in Resources */,
				B4BBC4D01AB2F0E70029865D /* ku_ssd1.plist in Resources */,
				B4BC7C391AB3090F00E1F23D /* BookName.plist in Resources */,
				B4BBC4DA1AB2F12C0029865D /* TakeExercise.storyboard in Resources */,
				B4BBC4D21AB2F0E70029865D /* ku_ssd3.plist in Resources */,
				B45BC3E31AAF3689007C8436 /* LaunchScreen.xib in Resources */,
				B4BBC4D41AB2F0E70029865D /* ku_ssd5.plist in Resources */,
				B4BBC4D71AB2F0E70029865D /* ku_ssd8.plist in Resources */,
				B4BBC4D51AB2F0E70029865D /* ku_ssd6.plist in Resources */,
				B4BBC4D81AB2F0E70029865D /* ku_ssd9.plist in Resources */,
				B4BBC4D31AB2F0E70029865D /* ku_ssd4.plist in Resources */,
				B45BC3E01AAF3689007C8436 /* Images.xcassets in Resources */,
			);
			runOnlyForDeploymentPostprocessing = 0;
		};
		B45BC3E61AAF3689007C8436 /* Resources */ = {
			isa = PBXResourcesBuildPhase;
			buildActionMask = 2147483647;
			files = (
			);
			runOnlyForDeploymentPostprocessing = 0;
		};
/* End PBXResourcesBuildPhase section */

/* Begin PBXShellScriptBuildPhase section */
		14DE871D5D767B006B91922F /* Copy Pods Resources */ = {
			isa = PBXShellScriptBuildPhase;
			buildActionMask = 2147483647;
			files = (
			);
			inputPaths = (
			);
			name = "Copy Pods Resources";
			outputPaths = (
			);
			runOnlyForDeploymentPostprocessing = 0;
			shellPath = /bin/sh;
			shellScript = "\"${SRCROOT}/Pods/Target Support Files/Pods/Pods-resources.sh\"\n";
			showEnvVarsInLog = 0;
		};
		CFBBC6CAB92CAC2A7B3BAFF0 /* Check Pods Manifest.lock */ = {
			isa = PBXShellScriptBuildPhase;
			buildActionMask = 2147483647;
			files = (
			);
			inputPaths = (
			);
			name = "Check Pods Manifest.lock";
			outputPaths = (
			);
			runOnlyForDeploymentPostprocessing = 0;
			shellPath = /bin/sh;
			shellScript = "diff \"${PODS_ROOT}/../Podfile.lock\" \"${PODS_ROOT}/Manifest.lock\" > /dev/null\nif [[ $? != 0 ]] ; then\n    cat << EOM\nerror: The sandbox is not in sync with the Podfile.lock. Run 'pod install' or update your CocoaPods installation.\nEOM\n    exit 1\nfi\n";
			showEnvVarsInLog = 0;
		};
/* End PBXShellScriptBuildPhase section */

/* Begin PBXSourcesBuildPhase section */
		B45BC3CD1AAF3689007C8436 /* Sources */ = {
			isa = PBXSourcesBuildPhase;
			buildActionMask = 2147483647;
			files = (
				B45BC3D71AAF3689007C8436 /* AppDelegate.swift in Sources */,
				B4EEA1211B5B92FC00CD4163 /* ModelController.swift in Sources */,
				B459D82F1ABDB4B100CE6652 /* SelectModeViewController.swift in Sources */,
				B401858F1B6663D60003FBC6 /* SSDPlistManager.swift in Sources */,
				B4EEA11F1B5B92E600CD4163 /* RootViewController.swift in Sources */,
				B43F71411B64EBA500DD54B7 /* ToastManager.m in Sources */,
				B48177BF1AF86BDC0083575B /* Utilities.swift in Sources */,
				B45BC4011AAF4156007C8436 /* SelectBookCollectionViewController.swift in Sources */,
				B4FD1F3B1ABD732200BD320B /* SettingsViewController.swift in Sources */,
				B4E70E181ABE3E640064A625 /* DataViewController.swift in Sources */,
			);
			runOnlyForDeploymentPostprocessing = 0;
		};
		B45BC3E41AAF3689007C8436 /* Sources */ = {
			isa = PBXSourcesBuildPhase;
			buildActionMask = 2147483647;
			files = (
				B45BC3EF1AAF3689007C8436 /* SSDExerciseTests.swift in Sources */,
			);
			runOnlyForDeploymentPostprocessing = 0;
		};
/* End PBXSourcesBuildPhase section */

/* Begin PBXTargetDependency section */
		B45BC3EA1AAF3689007C8436 /* PBXTargetDependency */ = {
			isa = PBXTargetDependency;
			target = B45BC3D01AAF3689007C8436 /* SSDExercise */;
			targetProxy = B45BC3E91AAF3689007C8436 /* PBXContainerItemProxy */;
		};
/* End PBXTargetDependency section */

/* Begin PBXVariantGroup section */
		B45BC3DC1AAF3689007C8436 /* Main.storyboard */ = {
			isa = PBXVariantGroup;
			children = (
				B45BC3DD1AAF3689007C8436 /* Base */,
			);
			name = Main.storyboard;
			sourceTree = "<group>";
		};
		B45BC3E11AAF3689007C8436 /* LaunchScreen.xib */ = {
			isa = PBXVariantGroup;
			children = (
				B45BC3E21AAF3689007C8436 /* Base */,
			);
			name = LaunchScreen.xib;
			sourceTree = "<group>";
		};
/* End PBXVariantGroup section */

/* Begin XCBuildConfiguration section */
		B45BC3F01AAF3689007C8436 /* Debug */ = {
			isa = XCBuildConfiguration;
			buildSettings = {
				ALWAYS_SEARCH_USER_PATHS = NO;
				CLANG_CXX_LANGUAGE_STANDARD = "gnu++0x";
				CLANG_CXX_LIBRARY = "libc++";
				CLANG_ENABLE_MODULES = YES;
				CLANG_ENABLE_OBJC_ARC = YES;
				CLANG_WARN_BOOL_CONVERSION = YES;
				CLANG_WARN_CONSTANT_CONVERSION = YES;
				CLANG_WARN_DIRECT_OBJC_ISA_USAGE = YES_ERROR;
				CLANG_WARN_EMPTY_BODY = YES;
				CLANG_WARN_ENUM_CONVERSION = YES;
				CLANG_WARN_INT_CONVERSION = YES;
				CLANG_WARN_OBJC_ROOT_CLASS = YES_ERROR;
				CLANG_WARN_UNREACHABLE_CODE = YES;
				CLANG_WARN__DUPLICATE_METHOD_MATCH = YES;
				"CODE_SIGN_IDENTITY[sdk=iphoneos*]" = "iPhone Developer";
				COPY_PHASE_STRIP = NO;
				ENABLE_STRICT_OBJC_MSGSEND = YES;
				GCC_C_LANGUAGE_STANDARD = gnu99;
				GCC_DYNAMIC_NO_PIC = NO;
				GCC_OPTIMIZATION_LEVEL = 0;
				GCC_PREPROCESSOR_DEFINITIONS = (
					"DEBUG=1",
					"$(inherited)",
				);
				GCC_SYMBOLS_PRIVATE_EXTERN = NO;
				GCC_WARN_64_TO_32_BIT_CONVERSION = YES;
				GCC_WARN_ABOUT_RETURN_TYPE = YES_ERROR;
				GCC_WARN_UNDECLARED_SELECTOR = YES;
				GCC_WARN_UNINITIALIZED_AUTOS = YES_AGGRESSIVE;
				GCC_WARN_UNUSED_FUNCTION = YES;
				GCC_WARN_UNUSED_VARIABLE = YES;
				IPHONEOS_DEPLOYMENT_TARGET = 8.2;
				MTL_ENABLE_DEBUG_INFO = YES;
				ONLY_ACTIVE_ARCH = YES;
				SDKROOT = iphoneos;
				SWIFT_OPTIMIZATION_LEVEL = "-Onone";
			};
			name = Debug;
		};
		B45BC3F11AAF3689007C8436 /* Release */ = {
			isa = XCBuildConfiguration;
			buildSettings = {
				ALWAYS_SEARCH_USER_PATHS = NO;
				CLANG_CXX_LANGUAGE_STANDARD = "gnu++0x";
				CLANG_CXX_LIBRARY = "libc++";
				CLANG_ENABLE_MODULES = YES;
				CLANG_ENABLE_OBJC_ARC = YES;
				CLANG_WARN_BOOL_CONVERSION = YES;
				CLANG_WARN_CONSTANT_CONVERSION = YES;
				CLANG_WARN_DIRECT_OBJC_ISA_USAGE = YES_ERROR;
				CLANG_WARN_EMPTY_BODY = YES;
				CLANG_WARN_ENUM_CONVERSION = YES;
				CLANG_WARN_INT_CONVERSION = YES;
				CLANG_WARN_OBJC_ROOT_CLASS = YES_ERROR;
				CLANG_WARN_UNREACHABLE_CODE = YES;
				CLANG_WARN__DUPLICATE_METHOD_MATCH = YES;
				"CODE_SIGN_IDENTITY[sdk=iphoneos*]" = "iPhone Developer";
				COPY_PHASE_STRIP = NO;
				ENABLE_NS_ASSERTIONS = NO;
				ENABLE_STRICT_OBJC_MSGSEND = YES;
				GCC_C_LANGUAGE_STANDARD = gnu99;
				GCC_WARN_64_TO_32_BIT_CONVERSION = YES;
				GCC_WARN_ABOUT_RETURN_TYPE = YES_ERROR;
				GCC_WARN_UNDECLARED_SELECTOR = YES;
				GCC_WARN_UNINITIALIZED_AUTOS = YES_AGGRESSIVE;
				GCC_WARN_UNUSED_FUNCTION = YES;
				GCC_WARN_UNUSED_VARIABLE = YES;
				IPHONEOS_DEPLOYMENT_TARGET = 8.2;
				MTL_ENABLE_DEBUG_INFO = NO;
				SDKROOT = iphoneos;
				VALIDATE_PRODUCT = YES;
			};
			name = Release;
		};
		B45BC3F31AAF3689007C8436 /* Debug */ = {
			isa = XCBuildConfiguration;
			baseConfigurationReference = FD084E73BB1F079DA0D0D323 /* Pods.debug.xcconfig */;
			buildSettings = {
				ASSETCATALOG_COMPILER_APPICON_NAME = AppIcon;
				ASSETCATALOG_COMPILER_LAUNCHIMAGE_NAME = LaunchImage;
				CLANG_ENABLE_MODULES = YES;
				INFOPLIST_FILE = SSDExercise/Info.plist;
				IPHONEOS_DEPLOYMENT_TARGET = 8.0;
				LD_RUNPATH_SEARCH_PATHS = "$(inherited) @executable_path/Frameworks";
				PRODUCT_NAME = "$(TARGET_NAME)";
				SWIFT_OBJC_BRIDGING_HEADER = "SSDExercise/SSDExercise-Bridging-Header.h";
				SWIFT_OPTIMIZATION_LEVEL = "-Onone";
				TARGETED_DEVICE_FAMILY = "1,2";
			};
			name = Debug;
		};
		B45BC3F41AAF3689007C8436 /* Release */ = {
			isa = XCBuildConfiguration;
			baseConfigurationReference = 1BBFE90B98153D344D2C4B29 /* Pods.release.xcconfig */;
			buildSettings = {
				ASSETCATALOG_COMPILER_APPICON_NAME = AppIcon;
				ASSETCATALOG_COMPILER_LAUNCHIMAGE_NAME = LaunchImage;
				CLANG_ENABLE_MODULES = YES;
				INFOPLIST_FILE = SSDExercise/Info.plist;
				IPHONEOS_DEPLOYMENT_TARGET = 8.0;
				LD_RUNPATH_SEARCH_PATHS = "$(inherited) @executable_path/Frameworks";
				PRODUCT_NAME = "$(TARGET_NAME)";
				SWIFT_OBJC_BRIDGING_HEADER = "SSDExercise/SSDExercise-Bridging-Header.h";
				TARGETED_DEVICE_FAMILY = "1,2";
			};
			name = Release;
		};
		B45BC3F61AAF3689007C8436 /* Debug */ = {
			isa = XCBuildConfiguration;
			buildSettings = {
				BUNDLE_LOADER = "$(TEST_HOST)";
				FRAMEWORK_SEARCH_PATHS = (
					"$(SDKROOT)/Developer/Library/Frameworks",
					"$(inherited)",
				);
				GCC_PREPROCESSOR_DEFINITIONS = (
					"DEBUG=1",
					"$(inherited)",
				);
				INFOPLIST_FILE = SSDExerciseTests/Info.plist;
				IPHONEOS_DEPLOYMENT_TARGET = 7.0;
				LD_RUNPATH_SEARCH_PATHS = "$(inherited) @executable_path/Frameworks @loader_path/Frameworks";
				PRODUCT_NAME = "$(TARGET_NAME)";
				TEST_HOST = "$(BUILT_PRODUCTS_DIR)/SSDExercise.app/SSDExercise";
			};
			name = Debug;
		};
		B45BC3F71AAF3689007C8436 /* Release */ = {
			isa = XCBuildConfiguration;
			buildSettings = {
				BUNDLE_LOADER = "$(TEST_HOST)";
				FRAMEWORK_SEARCH_PATHS = (
					"$(SDKROOT)/Developer/Library/Frameworks",
					"$(inherited)",
				);
				INFOPLIST_FILE = SSDExerciseTests/Info.plist;
				IPHONEOS_DEPLOYMENT_TARGET = 7.0;
				LD_RUNPATH_SEARCH_PATHS = "$(inherited) @executable_path/Frameworks @loader_path/Frameworks";
				PRODUCT_NAME = "$(TARGET_NAME)";
				TEST_HOST = "$(BUILT_PRODUCTS_DIR)/SSDExercise.app/SSDExercise";
			};
			name = Release;
		};
/* End XCBuildConfiguration section */

/* Begin XCConfigurationList section */
		B45BC3CC1AAF3689007C8436 /* Build configuration list for PBXProject "SSDExercise" */ = {
			isa = XCConfigurationList;
			buildConfigurations = (
				B45BC3F01AAF3689007C8436 /* Debug */,
				B45BC3F11AAF3689007C8436 /* Release */,
			);
			defaultConfigurationIsVisible = 0;
			defaultConfigurationName = Release;
		};
		B45BC3F21AAF3689007C8436 /* Build configuration list for PBXNativeTarget "SSDExercise" */ = {
			isa = XCConfigurationList;
			buildConfigurations = (
				B45BC3F31AAF3689007C8436 /* Debug */,
				B45BC3F41AAF3689007C8436 /* Release */,
			);
			defaultConfigurationIsVisible = 0;
			defaultConfigurationName = Release;
		};
		B45BC3F51AAF3689007C8436 /* Build configuration list for PBXNativeTarget "SSDExerciseTests" */ = {
			isa = XCConfigurationList;
			buildConfigurations = (
				B45BC3F61AAF3689007C8436 /* Debug */,
				B45BC3F71AAF3689007C8436 /* Release */,
			);
			defaultConfigurationIsVisible = 0;
			defaultConfigurationName = Release;
		};
/* End XCConfigurationList section */
	};
	rootObject = B45BC3C91AAF3689007C8436 /* Project object */;
}
